
Microsoft Visual Studio Solution File, Format Version 12.00
# Visual Studio 15
VisualStudioVersion = 15.0.27428.2015
MinimumVisualStudioVersion = 10.0.40219.1
Project("{FAE04EC0-301F-11D3-BF4B-00C04F79EFBC}") = "DecoraterPattern", "DesignPattern\DecoraterPattern.csproj", "{2B04E875-D9BE-4B0D-8B50-4D13CE357E40}"
EndProject
Project("{FAE04EC0-301F-11D3-BF4B-00C04F79EFBC}") = "ProxyPattern", "ProxyPattern\ProxyPattern.csproj", "{CF46B2AE-689F-4ED0-9DCA-08BAB182F2E4}"
EndProject
Project("{FAE04EC0-301F-11D3-BF4B-00C04F79EFBC}") = "BridgePattern", "BridgePattern\BridgePattern.csproj", "{BCDD1DBA-FD91-4A90-BDDB-115374CD93AA}"
EndProject
Project("{2150E333-8FDC-42A3-9474-1A3956D46DE8}") = "Structural Pattern", "Structural Pattern", "{CA52F352-D8B5-4F5A-8923-996A302345E7}"
EndProject
Project("{FAE04EC0-301F-11D3-BF4B-00C04F79EFBC}") = "CompositePattern", "CompositePattern\CompositePattern.csproj", "{8116957C-9D7B-4870-B2EE-4690C797D84B}"
EndProject
Project("{FAE04EC0-301F-11D3-BF4B-00C04F79EFBC}") = "FlyWeightPattern", "FlyWeightPattern\FlyWeightPattern.csproj", "{70136BDD-717A-405C-A93F-E2E5AEEA6A46}"
EndProject
Project("{FAE04EC0-301F-11D3-BF4B-00C04F79EFBC}") = "AdapterDesignPattern", "AdapterDesignPattern\AdapterDesignPattern.csproj", "{814C2F96-9CB3-48A6-9186-4C2B2BC0C713}"
EndProject
Project("{FAE04EC0-301F-11D3-BF4B-00C04F79EFBC}") = "FacadeDesignPattern", "FacadeDesignPattern\FacadeDesignPattern.csproj", "{2F829444-F9B6-4FD3-82BA-26CDCB9F3133}"
EndProject
Project("{2150E333-8FDC-42A3-9474-1A3956D46DE8}") = "Creational Pattern", "Creational Pattern", "{55926187-16F4-4B17-8520-00CF756FDDF9}"
EndProject
Project("{FAE04EC0-301F-11D3-BF4B-00C04F79EFBC}") = "PrototypeDesignPattern", "Prototype\PrototypeDesignPattern.csproj", "{0FA6DE23-435D-4FFC-A4AB-D24ACACF0A63}"
EndProject
Project("{FAE04EC0-301F-11D3-BF4B-00C04F79EFBC}") = "FactoryDesignPattern", "FactoryDesignPattern\FactoryDesignPattern.csproj", "{C75DAC10-989E-4BDC-B571-E036672C49FC}"
EndProject
Project("{FAE04EC0-301F-11D3-BF4B-00C04F79EFBC}") = "SingletonDesignPattern", "SingletonDesignPattern\SingletonDesignPattern.csproj", "{D01F6015-A8F1-40F0-ACD6-F548BAF4D175}"
EndProject
Project("{FAE04EC0-301F-11D3-BF4B-00C04F79EFBC}") = "AbstractFactoryDesignPattern", "AbstractFactoryDesignPattern\AbstractFactoryDesignPattern.csproj", "{EA78D7B3-3A60-47F6-9BB9-56BE7E1F83B3}"
EndProject
Project("{FAE04EC0-301F-11D3-BF4B-00C04F79EFBC}") = "BuilderDesignPattern", "BuilderDesignPattern\BuilderDesignPattern.csproj", "{07EAA671-BB69-46A3-BEBA-3A21D2460488}"
EndProject
Project("{2150E333-8FDC-42A3-9474-1A3956D46DE8}") = "Behavioral Pattern", "Behavioral Pattern", "{6A53ED94-8144-412F-8E0F-3499728D9F6D}"
EndProject
Project("{FAE04EC0-301F-11D3-BF4B-00C04F79EFBC}") = "StretegyDesignPattern", "StretegyDesignPattern\StretegyDesignPattern.csproj", "{BFFC2C4C-EC5E-411B-B544-B5D6045F9562}"
EndProject
Project("{FAE04EC0-301F-11D3-BF4B-00C04F79EFBC}") = "StateDesignPattern", "StateDesignPattern\StateDesignPattern.csproj", "{F7E0E825-448F-484E-BFE2-C1EC1C2BDBF5}"
EndProject
Project("{FAE04EC0-301F-11D3-BF4B-00C04F79EFBC}") = "TemplateDesignPattern", "TemplateDesignPattern\TemplateDesignPattern.csproj", "{9C912180-68D9-48B2-8977-2FA1F55CA095}"
EndProject
Project("{FAE04EC0-301F-11D3-BF4B-00C04F79EFBC}") = "ChainOfResponsibility", "ChainOfResponsibility\ChainOfResponsibility.csproj", "{643CC076-C507-4EAB-88FB-89FAB769FFE2}"
EndProject
Global
	GlobalSection(SolutionConfigurationPlatforms) = preSolution
		Debug|Any CPU = Debug|Any CPU
		Release|Any CPU = Release|Any CPU
	EndGlobalSection
	GlobalSection(ProjectConfigurationPlatforms) = postSolution
		{2B04E875-D9BE-4B0D-8B50-4D13CE357E40}.Debug|Any CPU.ActiveCfg = Debug|Any CPU
		{2B04E875-D9BE-4B0D-8B50-4D13CE357E40}.Debug|Any CPU.Build.0 = Debug|Any CPU
		{2B04E875-D9BE-4B0D-8B50-4D13CE357E40}.Release|Any CPU.ActiveCfg = Release|Any CPU
		{2B04E875-D9BE-4B0D-8B50-4D13CE357E40}.Release|Any CPU.Build.0 = Release|Any CPU
		{CF46B2AE-689F-4ED0-9DCA-08BAB182F2E4}.Debug|Any CPU.ActiveCfg = Debug|Any CPU
		{CF46B2AE-689F-4ED0-9DCA-08BAB182F2E4}.Debug|Any CPU.Build.0 = Debug|Any CPU
		{CF46B2AE-689F-4ED0-9DCA-08BAB182F2E4}.Release|Any CPU.ActiveCfg = Release|Any CPU
		{CF46B2AE-689F-4ED0-9DCA-08BAB182F2E4}.Release|Any CPU.Build.0 = Release|Any CPU
		{BCDD1DBA-FD91-4A90-BDDB-115374CD93AA}.Debug|Any CPU.ActiveCfg = Debug|Any CPU
		{BCDD1DBA-FD91-4A90-BDDB-115374CD93AA}.Debug|Any CPU.Build.0 = Debug|Any CPU
		{BCDD1DBA-FD91-4A90-BDDB-115374CD93AA}.Release|Any CPU.ActiveCfg = Release|Any CPU
		{BCDD1DBA-FD91-4A90-BDDB-115374CD93AA}.Release|Any CPU.Build.0 = Release|Any CPU
		{8116957C-9D7B-4870-B2EE-4690C797D84B}.Debug|Any CPU.ActiveCfg = Debug|Any CPU
		{8116957C-9D7B-4870-B2EE-4690C797D84B}.Debug|Any CPU.Build.0 = Debug|Any CPU
		{8116957C-9D7B-4870-B2EE-4690C797D84B}.Release|Any CPU.ActiveCfg = Release|Any CPU
		{8116957C-9D7B-4870-B2EE-4690C797D84B}.Release|Any CPU.Build.0 = Release|Any CPU
		{70136BDD-717A-405C-A93F-E2E5AEEA6A46}.Debug|Any CPU.ActiveCfg = Debug|Any CPU
		{70136BDD-717A-405C-A93F-E2E5AEEA6A46}.Debug|Any CPU.Build.0 = Debug|Any CPU
		{70136BDD-717A-405C-A93F-E2E5AEEA6A46}.Release|Any CPU.ActiveCfg = Release|Any CPU
		{70136BDD-717A-405C-A93F-E2E5AEEA6A46}.Release|Any CPU.Build.0 = Release|Any CPU
		{814C2F96-9CB3-48A6-9186-4C2B2BC0C713}.Debug|Any CPU.ActiveCfg = Debug|Any CPU
		{814C2F96-9CB3-48A6-9186-4C2B2BC0C713}.Debug|Any CPU.Build.0 = Debug|Any CPU
		{814C2F96-9CB3-48A6-9186-4C2B2BC0C713}.Release|Any CPU.ActiveCfg = Release|Any CPU
		{814C2F96-9CB3-48A6-9186-4C2B2BC0C713}.Release|Any CPU.Build.0 = Release|Any CPU
		{2F829444-F9B6-4FD3-82BA-26CDCB9F3133}.Debug|Any CPU.ActiveCfg = Debug|Any CPU
		{2F829444-F9B6-4FD3-82BA-26CDCB9F3133}.Debug|Any CPU.Build.0 = Debug|Any CPU
		{2F829444-F9B6-4FD3-82BA-26CDCB9F3133}.Release|Any CPU.ActiveCfg = Release|Any CPU
		{2F829444-F9B6-4FD3-82BA-26CDCB9F3133}.Release|Any CPU.Build.0 = Release|Any CPU
		{0FA6DE23-435D-4FFC-A4AB-D24ACACF0A63}.Debug|Any CPU.ActiveCfg = Debug|Any CPU
		{0FA6DE23-435D-4FFC-A4AB-D24ACACF0A63}.Debug|Any CPU.Build.0 = Debug|Any CPU
		{0FA6DE23-435D-4FFC-A4AB-D24ACACF0A63}.Release|Any CPU.ActiveCfg = Release|Any CPU
		{0FA6DE23-435D-4FFC-A4AB-D24ACACF0A63}.Release|Any CPU.Build.0 = Release|Any CPU
		{C75DAC10-989E-4BDC-B571-E036672C49FC}.Debug|Any CPU.ActiveCfg = Debug|Any CPU
		{C75DAC10-989E-4BDC-B571-E036672C49FC}.Debug|Any CPU.Build.0 = Debug|Any CPU
		{C75DAC10-989E-4BDC-B571-E036672C49FC}.Release|Any CPU.ActiveCfg = Release|Any CPU
		{C75DAC10-989E-4BDC-B571-E036672C49FC}.Release|Any CPU.Build.0 = Release|Any CPU
		{D01F6015-A8F1-40F0-ACD6-F548BAF4D175}.Debug|Any CPU.ActiveCfg = Debug|Any CPU
		{D01F6015-A8F1-40F0-ACD6-F548BAF4D175}.Debug|Any CPU.Build.0 = Debug|Any CPU
		{D01F6015-A8F1-40F0-ACD6-F548BAF4D175}.Release|Any CPU.ActiveCfg = Release|Any CPU
		{D01F6015-A8F1-40F0-ACD6-F548BAF4D175}.Release|Any CPU.Build.0 = Release|Any CPU
		{EA78D7B3-3A60-47F6-9BB9-56BE7E1F83B3}.Debug|Any CPU.ActiveCfg = Debug|Any CPU
		{EA78D7B3-3A60-47F6-9BB9-56BE7E1F83B3}.Debug|Any CPU.Build.0 = Debug|Any CPU
		{EA78D7B3-3A60-47F6-9BB9-56BE7E1F83B3}.Release|Any CPU.ActiveCfg = Release|Any CPU
		{EA78D7B3-3A60-47F6-9BB9-56BE7E1F83B3}.Release|Any CPU.Build.0 = Release|Any CPU
		{07EAA671-BB69-46A3-BEBA-3A21D2460488}.Debug|Any CPU.ActiveCfg = Debug|Any CPU
		{07EAA671-BB69-46A3-BEBA-3A21D2460488}.Debug|Any CPU.Build.0 = Debug|Any CPU
		{07EAA671-BB69-46A3-BEBA-3A21D2460488}.Release|Any CPU.ActiveCfg = Release|Any CPU
		{07EAA671-BB69-46A3-BEBA-3A21D2460488}.Release|Any CPU.Build.0 = Release|Any CPU
		{BFFC2C4C-EC5E-411B-B544-B5D6045F9562}.Debug|Any CPU.ActiveCfg = Debug|Any CPU
		{BFFC2C4C-EC5E-411B-B544-B5D6045F9562}.Debug|Any CPU.Build.0 = Debug|Any CPU
		{BFFC2C4C-EC5E-411B-B544-B5D6045F9562}.Release|Any CPU.ActiveCfg = Release|Any CPU
		{BFFC2C4C-EC5E-411B-B544-B5D6045F9562}.Release|Any CPU.Build.0 = Release|Any CPU
		{F7E0E825-448F-484E-BFE2-C1EC1C2BDBF5}.Debug|Any CPU.ActiveCfg = Debug|Any CPU
		{F7E0E825-448F-484E-BFE2-C1EC1C2BDBF5}.Debug|Any CPU.Build.0 = Debug|Any CPU
		{F7E0E825-448F-484E-BFE2-C1EC1C2BDBF5}.Release|Any CPU.ActiveCfg = Release|Any CPU
		{F7E0E825-448F-484E-BFE2-C1EC1C2BDBF5}.Release|Any CPU.Build.0 = Release|Any CPU
		{9C912180-68D9-48B2-8977-2FA1F55CA095}.Debug|Any CPU.ActiveCfg = Debug|Any CPU
		{9C912180-68D9-48B2-8977-2FA1F55CA095}.Debug|Any CPU.Build.0 = Debug|Any CPU
		{9C912180-68D9-48B2-8977-2FA1F55CA095}.Release|Any CPU.ActiveCfg = Release|Any CPU
		{9C912180-68D9-48B2-8977-2FA1F55CA095}.Release|Any CPU.Build.0 = Release|Any CPU
		{643CC076-C507-4EAB-88FB-89FAB769FFE2}.Debug|Any CPU.ActiveCfg = Debug|Any CPU
		{643CC076-C507-4EAB-88FB-89FAB769FFE2}.Debug|Any CPU.Build.0 = Debug|Any CPU
		{643CC076-C507-4EAB-88FB-89FAB769FFE2}.Release|Any CPU.ActiveCfg = Release|Any CPU
		{643CC076-C507-4EAB-88FB-89FAB769FFE2}.Release|Any CPU.Build.0 = Release|Any CPU
	EndGlobalSection
	GlobalSection(SolutionProperties) = preSolution
		HideSolutionNode = FALSE
	EndGlobalSection
	GlobalSection(NestedProjects) = preSolution
		{2B04E875-D9BE-4B0D-8B50-4D13CE357E40} = {CA52F352-D8B5-4F5A-8923-996A302345E7}
		{CF46B2AE-689F-4ED0-9DCA-08BAB182F2E4} = {CA52F352-D8B5-4F5A-8923-996A302345E7}
		{BCDD1DBA-FD91-4A90-BDDB-115374CD93AA} = {CA52F352-D8B5-4F5A-8923-996A302345E7}
		{8116957C-9D7B-4870-B2EE-4690C797D84B} = {CA52F352-D8B5-4F5A-8923-996A302345E7}
		{70136BDD-717A-405C-A93F-E2E5AEEA6A46} = {CA52F352-D8B5-4F5A-8923-996A302345E7}
		{814C2F96-9CB3-48A6-9186-4C2B2BC0C713} = {CA52F352-D8B5-4F5A-8923-996A302345E7}
		{2F829444-F9B6-4FD3-82BA-26CDCB9F3133} = {CA52F352-D8B5-4F5A-8923-996A302345E7}
		{0FA6DE23-435D-4FFC-A4AB-D24ACACF0A63} = {55926187-16F4-4B17-8520-00CF756FDDF9}
		{C75DAC10-989E-4BDC-B571-E036672C49FC} = {55926187-16F4-4B17-8520-00CF756FDDF9}
		{D01F6015-A8F1-40F0-ACD6-F548BAF4D175} = {55926187-16F4-4B17-8520-00CF756FDDF9}
		{EA78D7B3-3A60-47F6-9BB9-56BE7E1F83B3} = {55926187-16F4-4B17-8520-00CF756FDDF9}
		{07EAA671-BB69-46A3-BEBA-3A21D2460488} = {55926187-16F4-4B17-8520-00CF756FDDF9}
		{BFFC2C4C-EC5E-411B-B544-B5D6045F9562} = {6A53ED94-8144-412F-8E0F-3499728D9F6D}
		{F7E0E825-448F-484E-BFE2-C1EC1C2BDBF5} = {6A53ED94-8144-412F-8E0F-3499728D9F6D}
		{9C912180-68D9-48B2-8977-2FA1F55CA095} = {6A53ED94-8144-412F-8E0F-3499728D9F6D}
		{643CC076-C507-4EAB-88FB-89FAB769FFE2} = {6A53ED94-8144-412F-8E0F-3499728D9F6D}
	EndGlobalSection
	GlobalSection(ExtensibilityGlobals) = postSolution
		SolutionGuid = {E87F4E30-F6C4-4081-91C0-602FF1D18A62}
	EndGlobalSection
EndGlobal
